// !$*UTF8*$!
{
	archiveVersion = 1;
	classes = {
	};
	objectVersion = 46;
	objects = {

/* Begin PBXBuildFile section */
		020AC8A91BF3773700902A7A /* MovieDetailViewController.swift in Sources */ = {isa = PBXBuildFile; fileRef = 020AC8A81BF3773700902A7A /* MovieDetailViewController.swift */; };
		029434B41BF0CC6F00E1371C /* AppDelegate.swift in Sources */ = {isa = PBXBuildFile; fileRef = 029434B31BF0CC6F00E1371C /* AppDelegate.swift */; };
		029434B61BF0CC6F00E1371C /* MovieTableViewController.swift in Sources */ = {isa = PBXBuildFile; fileRef = 029434B51BF0CC6F00E1371C /* MovieTableViewController.swift */; };
		029434B91BF0CC6F00E1371C /* Main.storyboard in Resources */ = {isa = PBXBuildFile; fileRef = 029434B71BF0CC6F00E1371C /* Main.storyboard */; };
		029434BB1BF0CC6F00E1371C /* Assets.xcassets in Resources */ = {isa = PBXBuildFile; fileRef = 029434BA1BF0CC6F00E1371C /* Assets.xcassets */; };
		029434BE1BF0CC6F00E1371C /* LaunchScreen.storyboard in Resources */ = {isa = PBXBuildFile; fileRef = 029434BC1BF0CC6F00E1371C /* LaunchScreen.storyboard */; };
		029434C61BF0D19D00E1371C /* MovieTableCell.swift in Sources */ = {isa = PBXBuildFile; fileRef = 029434C51BF0D19D00E1371C /* MovieTableCell.swift */; };
		02F64A3B1BF728A1009E8CD9 /* MovieApi.swift in Sources */ = {isa = PBXBuildFile; fileRef = 02F64A3A1BF728A1009E8CD9 /* MovieApi.swift */; };
		02F64A3D1BF72A3D009E8CD9 /* MovieTableHandler.swift in Sources */ = {isa = PBXBuildFile; fileRef = 02F64A3C1BF72A3D009E8CD9 /* MovieTableHandler.swift */; };
		02F64A3F1BF73834009E8CD9 /* MovieCollectionViewController.swift in Sources */ = {isa = PBXBuildFile; fileRef = 02F64A3E1BF73834009E8CD9 /* MovieCollectionViewController.swift */; };
		02F64A431BF73B97009E8CD9 /* MovieListViewController.swift in Sources */ = {isa = PBXBuildFile; fileRef = 02F64A421BF73B97009E8CD9 /* MovieListViewController.swift */; };
		02F64A471BF74292009E8CD9 /* MovieCollectionHandler.swift in Sources */ = {isa = PBXBuildFile; fileRef = 02F64A461BF74292009E8CD9 /* MovieCollectionHandler.swift */; };
		02F64A491BF74355009E8CD9 /* MovieCollectionCell.swift in Sources */ = {isa = PBXBuildFile; fileRef = 02F64A481BF74355009E8CD9 /* MovieCollectionCell.swift */; };
		02F64A521BF780B3009E8CD9 /* DVD Logo Filled-25.png in Resources */ = {isa = PBXBuildFile; fileRef = 02F64A501BF780B3009E8CD9 /* DVD Logo Filled-25.png */; };
		02F64A531BF780B3009E8CD9 /* Movie-25.png in Resources */ = {isa = PBXBuildFile; fileRef = 02F64A511BF780B3009E8CD9 /* Movie-25.png */; };
		02F64A551BF781D6009E8CD9 /* TheaterApi.swift in Sources */ = {isa = PBXBuildFile; fileRef = 02F64A541BF781D6009E8CD9 /* TheaterApi.swift */; };
		02F64A571BF782AA009E8CD9 /* Config.swift in Sources */ = {isa = PBXBuildFile; fileRef = 02F64A561BF782AA009E8CD9 /* Config.swift */; };
		02F64A591BF783A9009E8CD9 /* DvdsApi.swift in Sources */ = {isa = PBXBuildFile; fileRef = 02F64A581BF783A9009E8CD9 /* DvdsApi.swift */; };
		02F64A5B1BF78DD1009E8CD9 /* MovieListHandler.swift in Sources */ = {isa = PBXBuildFile; fileRef = 02F64A5A1BF78DD1009E8CD9 /* MovieListHandler.swift */; };
		02F64A5D1BF78E80009E8CD9 /* MovieDynamicViewController.swift in Sources */ = {isa = PBXBuildFile; fileRef = 02F64A5C1BF78E80009E8CD9 /* MovieDynamicViewController.swift */; };
		02F64A621BF79D99009E8CD9 /* Grid.png in Resources */ = {isa = PBXBuildFile; fileRef = 02F64A601BF79D99009E8CD9 /* Grid.png */; };
		02F64A631BF79D99009E8CD9 /* List.png in Resources */ = {isa = PBXBuildFile; fileRef = 02F64A611BF79D99009E8CD9 /* List.png */; };
		8D642B9666C96576924DDEAB /* Pods_MovieReview.framework in Frameworks */ = {isa = PBXBuildFile; fileRef = DF59BAF151C8C0870376E93A /* Pods_MovieReview.framework */; };
/* End PBXBuildFile section */

/* Begin PBXFileReference section */
		020AC8A81BF3773700902A7A /* MovieDetailViewController.swift */ = {isa = PBXFileReference; fileEncoding = 4; lastKnownFileType = sourcecode.swift; path = MovieDetailViewController.swift; sourceTree = "<group>"; };
		029434B01BF0CC6F00E1371C /* MovieReview.app */ = {isa = PBXFileReference; explicitFileType = wrapper.application; includeInIndex = 0; path = MovieReview.app; sourceTree = BUILT_PRODUCTS_DIR; };
		029434B31BF0CC6F00E1371C /* AppDelegate.swift */ = {isa = PBXFileReference; lastKnownFileType = sourcecode.swift; path = AppDelegate.swift; sourceTree = "<group>"; };
		029434B51BF0CC6F00E1371C /* MovieTableViewController.swift */ = {isa = PBXFileReference; lastKnownFileType = sourcecode.swift; path = MovieTableViewController.swift; sourceTree = "<group>"; };
		029434B81BF0CC6F00E1371C /* Base */ = {isa = PBXFileReference; lastKnownFileType = file.storyboard; name = Base; path = Base.lproj/Main.storyboard; sourceTree = "<group>"; };
		029434BA1BF0CC6F00E1371C /* Assets.xcassets */ = {isa = PBXFileReference; lastKnownFileType = folder.assetcatalog; path = Assets.xcassets; sourceTree = "<group>"; };
		029434BD1BF0CC6F00E1371C /* Base */ = {isa = PBXFileReference; lastKnownFileType = file.storyboard; name = Base; path = Base.lproj/LaunchScreen.storyboard; sourceTree = "<group>"; };
		029434BF1BF0CC6F00E1371C /* Info.plist */ = {isa = PBXFileReference; lastKnownFileType = text.plist.xml; path = Info.plist; sourceTree = "<group>"; };
		029434C51BF0D19D00E1371C /* MovieTableCell.swift */ = {isa = PBXFileReference; fileEncoding = 4; lastKnownFileType = sourcecode.swift; path = MovieTableCell.swift; sourceTree = "<group>"; };
		02F64A3A1BF728A1009E8CD9 /* MovieApi.swift */ = {isa = PBXFileReference; fileEncoding = 4; lastKnownFileType = sourcecode.swift; path = MovieApi.swift; sourceTree = "<group>"; };
		02F64A3C1BF72A3D009E8CD9 /* MovieTableHandler.swift */ = {isa = PBXFileReference; fileEncoding = 4; lastKnownFileType = sourcecode.swift; path = MovieTableHandler.swift; sourceTree = "<group>"; };
		02F64A3E1BF73834009E8CD9 /* MovieCollectionViewController.swift */ = {isa = PBXFileReference; fileEncoding = 4; lastKnownFileType = sourcecode.swift; path = MovieCollectionViewController.swift; sourceTree = "<group>"; };
		02F64A421BF73B97009E8CD9 /* MovieListViewController.swift */ = {isa = PBXFileReference; fileEncoding = 4; lastKnownFileType = sourcecode.swift; path = MovieListViewController.swift; sourceTree = "<group>"; };
		02F64A461BF74292009E8CD9 /* MovieCollectionHandler.swift */ = {isa = PBXFileReference; fileEncoding = 4; lastKnownFileType = sourcecode.swift; path = MovieCollectionHandler.swift; sourceTree = "<group>"; };
		02F64A481BF74355009E8CD9 /* MovieCollectionCell.swift */ = {isa = PBXFileReference; fileEncoding = 4; lastKnownFileType = sourcecode.swift; path = MovieCollectionCell.swift; sourceTree = "<group>"; };
		02F64A501BF780B3009E8CD9 /* DVD Logo Filled-25.png */ = {isa = PBXFileReference; lastKnownFileType = image.png; path = "DVD Logo Filled-25.png"; sourceTree = "<group>"; };
		02F64A511BF780B3009E8CD9 /* Movie-25.png */ = {isa = PBXFileReference; lastKnownFileType = image.png; path = "Movie-25.png"; sourceTree = "<group>"; };
		02F64A541BF781D6009E8CD9 /* TheaterApi.swift */ = {isa = PBXFileReference; fileEncoding = 4; lastKnownFileType = sourcecode.swift; path = TheaterApi.swift; sourceTree = "<group>"; };
		02F64A561BF782AA009E8CD9 /* Config.swift */ = {isa = PBXFileReference; fileEncoding = 4; lastKnownFileType = sourcecode.swift; path = Config.swift; sourceTree = "<group>"; };
		02F64A581BF783A9009E8CD9 /* DvdsApi.swift */ = {isa = PBXFileReference; fileEncoding = 4; lastKnownFileType = sourcecode.swift; path = DvdsApi.swift; sourceTree = "<group>"; };
		02F64A5A1BF78DD1009E8CD9 /* MovieListHandler.swift */ = {isa = PBXFileReference; fileEncoding = 4; lastKnownFileType = sourcecode.swift; path = MovieListHandler.swift; sourceTree = "<group>"; };
		02F64A5C1BF78E80009E8CD9 /* MovieDynamicViewController.swift */ = {isa = PBXFileReference; fileEncoding = 4; lastKnownFileType = sourcecode.swift; path = MovieDynamicViewController.swift; sourceTree = "<group>"; };
		02F64A601BF79D99009E8CD9 /* Grid.png */ = {isa = PBXFileReference; lastKnownFileType = image.png; path = Grid.png; sourceTree = "<group>"; };
		02F64A611BF79D99009E8CD9 /* List.png */ = {isa = PBXFileReference; lastKnownFileType = image.png; path = List.png; sourceTree = "<group>"; };
		B1FE8E7E0AEC9F1A616BAA44 /* Pods-MovieReview.debug.xcconfig */ = {isa = PBXFileReference; includeInIndex = 1; lastKnownFileType = text.xcconfig; name = "Pods-MovieReview.debug.xcconfig"; path = "Pods/Target Support Files/Pods-MovieReview/Pods-MovieReview.debug.xcconfig"; sourceTree = "<group>"; };
		DF59BAF151C8C0870376E93A /* Pods_MovieReview.framework */ = {isa = PBXFileReference; explicitFileType = wrapper.framework; includeInIndex = 0; path = Pods_MovieReview.framework; sourceTree = BUILT_PRODUCTS_DIR; };
		E0D6E131FB9C43A534A54FC8 /* Pods-MovieReview.release.xcconfig */ = {isa = PBXFileReference; includeInIndex = 1; lastKnownFileType = text.xcconfig; name = "Pods-MovieReview.release.xcconfig"; path = "Pods/Target Support Files/Pods-MovieReview/Pods-MovieReview.release.xcconfig"; sourceTree = "<group>"; };
/* End PBXFileReference section */

/* Begin PBXFrameworksBuildPhase section */
		029434AD1BF0CC6F00E1371C /* Frameworks */ = {
			isa = PBXFrameworksBuildPhase;
			buildActionMask = 2147483647;
			files = (
				8D642B9666C96576924DDEAB /* Pods_MovieReview.framework in Frameworks */,
			);
			runOnlyForDeploymentPostprocessing = 0;
		};
/* End PBXFrameworksBuildPhase section */

/* Begin PBXGroup section */
		029434A71BF0CC6F00E1371C = {
			isa = PBXGroup;
			children = (
				029434B21BF0CC6F00E1371C /* MovieReview */,
				029434B11BF0CC6F00E1371C /* Products */,
				736A507012841B681CA37D16 /* Pods */,
				5B0B538675C9C25624B2E11A /* Frameworks */,
			);
			sourceTree = "<group>";
		};
		029434B11BF0CC6F00E1371C /* Products */ = {
			isa = PBXGroup;
			children = (
				029434B01BF0CC6F00E1371C /* MovieReview.app */,
			);
			name = Products;
			sourceTree = "<group>";
		};
		029434B21BF0CC6F00E1371C /* MovieReview */ = {
			isa = PBXGroup;
			children = (
				02F64A4B1BF78026009E8CD9 /* Images */,
				02F64A4A1BF7584B009E8CD9 /* Handler */,
				02F64A391BF7281A009E8CD9 /* Business */,
				02F64A381BF7250A009E8CD9 /* View */,
				02F64A371BF724DC009E8CD9 /* ViewController */,
				029434B31BF0CC6F00E1371C /* AppDelegate.swift */,
				029434B71BF0CC6F00E1371C /* Main.storyboard */,
				029434BA1BF0CC6F00E1371C /* Assets.xcassets */,
				029434BC1BF0CC6F00E1371C /* LaunchScreen.storyboard */,
				029434BF1BF0CC6F00E1371C /* Info.plist */,
			);
			path = MovieReview;
			sourceTree = "<group>";
		};
		02F64A371BF724DC009E8CD9 /* ViewController */ = {
			isa = PBXGroup;
			children = (
				029434B51BF0CC6F00E1371C /* MovieTableViewController.swift */,
				020AC8A81BF3773700902A7A /* MovieDetailViewController.swift */,
				02F64A3E1BF73834009E8CD9 /* MovieCollectionViewController.swift */,
				02F64A421BF73B97009E8CD9 /* MovieListViewController.swift */,
				02F64A5C1BF78E80009E8CD9 /* MovieDynamicViewController.swift */,
			);
			path = ViewController;
			sourceTree = "<group>";
		};
		02F64A381BF7250A009E8CD9 /* View */ = {
			isa = PBXGroup;
			children = (
				029434C51BF0D19D00E1371C /* MovieTableCell.swift */,
				02F64A481BF74355009E8CD9 /* MovieCollectionCell.swift */,
			);
			path = View;
			sourceTree = "<group>";
		};
		02F64A391BF7281A009E8CD9 /* Business */ = {
			isa = PBXGroup;
			children = (
				02F64A3A1BF728A1009E8CD9 /* MovieApi.swift */,
				02F64A541BF781D6009E8CD9 /* TheaterApi.swift */,
				02F64A581BF783A9009E8CD9 /* DvdsApi.swift */,
				02F64A561BF782AA009E8CD9 /* Config.swift */,
			);
			path = Business;
			sourceTree = "<group>";
		};
		02F64A4A1BF7584B009E8CD9 /* Handler */ = {
			isa = PBXGroup;
			children = (
				02F64A3C1BF72A3D009E8CD9 /* MovieTableHandler.swift */,
				02F64A461BF74292009E8CD9 /* MovieCollectionHandler.swift */,
				02F64A5A1BF78DD1009E8CD9 /* MovieListHandler.swift */,
			);
			path = Handler;
			sourceTree = "<group>";
		};
		02F64A4B1BF78026009E8CD9 /* Images */ = {
			isa = PBXGroup;
			children = (
				02F64A601BF79D99009E8CD9 /* Grid.png */,
				02F64A611BF79D99009E8CD9 /* List.png */,
				02F64A501BF780B3009E8CD9 /* DVD Logo Filled-25.png */,
				02F64A511BF780B3009E8CD9 /* Movie-25.png */,
			);
			path = Images;
			sourceTree = "<group>";
		};
		5B0B538675C9C25624B2E11A /* Frameworks */ = {
			isa = PBXGroup;
			children = (
				DF59BAF151C8C0870376E93A /* Pods_MovieReview.framework */,
			);
			name = Frameworks;
			sourceTree = "<group>";
		};
		736A507012841B681CA37D16 /* Pods */ = {
			isa = PBXGroup;
			children = (
				B1FE8E7E0AEC9F1A616BAA44 /* Pods-MovieReview.debug.xcconfig */,
				E0D6E131FB9C43A534A54FC8 /* Pods-MovieReview.release.xcconfig */,
			);
			name = Pods;
			sourceTree = "<group>";
		};
/* End PBXGroup section */

/* Begin PBXNativeTarget section */
		029434AF1BF0CC6F00E1371C /* MovieReview */ = {
			isa = PBXNativeTarget;
			buildConfigurationList = 029434C21BF0CC6F00E1371C /* Build configuration list for PBXNativeTarget "MovieReview" */;
			buildPhases = (
				8E7778ADAE720A617B64324E /* Check Pods Manifest.lock */,
				029434AC1BF0CC6F00E1371C /* Sources */,
				029434AD1BF0CC6F00E1371C /* Frameworks */,
				029434AE1BF0CC6F00E1371C /* Resources */,
				5EC50356F41E675687AC18F1 /* Embed Pods Frameworks */,
				29A26B05700BBD347F9CB890 /* Copy Pods Resources */,
			);
			buildRules = (
			);
			dependencies = (
			);
			name = MovieReview;
			productName = MovieReview;
			productReference = 029434B01BF0CC6F00E1371C /* MovieReview.app */;
			productType = "com.apple.product-type.application";
		};
/* End PBXNativeTarget section */

/* Begin PBXProject section */
		029434A81BF0CC6F00E1371C /* Project object */ = {
			isa = PBXProject;
			attributes = {
				LastSwiftUpdateCheck = 0710;
				LastUpgradeCheck = 0710;
				ORGANIZATIONNAME = HAC;
				TargetAttributes = {
					029434AF1BF0CC6F00E1371C = {
						CreatedOnToolsVersion = 7.1;
						DevelopmentTeam = 432TM87K7L;
					};
				};
			};
			buildConfigurationList = 029434AB1BF0CC6F00E1371C /* Build configuration list for PBXProject "MovieReview" */;
			compatibilityVersion = "Xcode 3.2";
			developmentRegion = English;
			hasScannedForEncodings = 0;
			knownRegions = (
				en,
				Base,
			);
			mainGroup = 029434A71BF0CC6F00E1371C;
			productRefGroup = 029434B11BF0CC6F00E1371C /* Products */;
			projectDirPath = "";
			projectRoot = "";
			targets = (
				029434AF1BF0CC6F00E1371C /* MovieReview */,
			);
		};
/* End PBXProject section */

/* Begin PBXResourcesBuildPhase section */
		029434AE1BF0CC6F00E1371C /* Resources */ = {
			isa = PBXResourcesBuildPhase;
			buildActionMask = 2147483647;
			files = (
				029434BE1BF0CC6F00E1371C /* LaunchScreen.storyboard in Resources */,
				02F64A521BF780B3009E8CD9 /* DVD Logo Filled-25.png in Resources */,
				029434BB1BF0CC6F00E1371C /* Assets.xcassets in Resources */,
				02F64A621BF79D99009E8CD9 /* Grid.png in Resources */,
				02F64A631BF79D99009E8CD9 /* List.png in Resources */,
				02F64A531BF780B3009E8CD9 /* Movie-25.png in Resources */,
				029434B91BF0CC6F00E1371C /* Main.storyboard in Resources */,
			);
			runOnlyForDeploymentPostprocessing = 0;
		};
/* End PBXResourcesBuildPhase section */

/* Begin PBXShellScriptBuildPhase section */
		29A26B05700BBD347F9CB890 /* Copy Pods Resources */ = {
			isa = PBXShellScriptBuildPhase;
			buildActionMask = 2147483647;
			files = (
			);
			inputPaths = (
			);
			name = "Copy Pods Resources";
			outputPaths = (
			);
			runOnlyForDeploymentPostprocessing = 0;
			shellPath = /bin/sh;
			shellScript = "\"${SRCROOT}/Pods/Target Support Files/Pods-MovieReview/Pods-MovieReview-resources.sh\"\n";
			showEnvVarsInLog = 0;
		};
		5EC50356F41E675687AC18F1 /* Embed Pods Frameworks */ = {
			isa = PBXShellScriptBuildPhase;
			buildActionMask = 2147483647;
			files = (
			);
			inputPaths = (
			);
			name = "Embed Pods Frameworks";
			outputPaths = (
			);
			runOnlyForDeploymentPostprocessing = 0;
			shellPath = /bin/sh;
			shellScript = "\"${SRCROOT}/Pods/Target Support Files/Pods-MovieReview/Pods-MovieReview-frameworks.sh\"\n";
			showEnvVarsInLog = 0;
		};
		8E7778ADAE720A617B64324E /* Check Pods Manifest.lock */ = {
			isa = PBXShellScriptBuildPhase;
			buildActionMask = 2147483647;
			files = (
			);
			inputPaths = (
			);
			name = "Check Pods Manifest.lock";
			outputPaths = (
			);
			runOnlyForDeploymentPostprocessing = 0;
			shellPath = /bin/sh;
			shellScript = "diff \"${PODS_ROOT}/../Podfile.lock\" \"${PODS_ROOT}/Manifest.lock\" > /dev/null\nif [[ $? != 0 ]] ; then\n    cat << EOM\nerror: The sandbox is not in sync with the Podfile.lock. Run 'pod install' or update your CocoaPods installation.\nEOM\n    exit 1\nfi\n";
			showEnvVarsInLog = 0;
		};
/* End PBXShellScriptBuildPhase section */

/* Begin PBXSourcesBuildPhase section */
		029434AC1BF0CC6F00E1371C /* Sources */ = {
			isa = PBXSourcesBuildPhase;
			buildActionMask = 2147483647;
			files = (
				020AC8A91BF3773700902A7A /* MovieDetailViewController.swift in Sources */,
				02F64A471BF74292009E8CD9 /* MovieCollectionHandler.swift in Sources */,
				02F64A5D1BF78E80009E8CD9 /* MovieDynamicViewController.swift in Sources */,
				029434B61BF0CC6F00E1371C /* MovieTableViewController.swift in Sources */,
				02F64A3B1BF728A1009E8CD9 /* MovieApi.swift in Sources */,
				029434B41BF0CC6F00E1371C /* AppDelegate.swift in Sources */,
				02F64A5B1BF78DD1009E8CD9 /* MovieListHandler.swift in Sources */,
				02F64A571BF782AA009E8CD9 /* Config.swift in Sources */,
				029434C61BF0D19D00E1371C /* MovieTableCell.swift in Sources */,
				02F64A491BF74355009E8CD9 /* MovieCollectionCell.swift in Sources */,
				02F64A3D1BF72A3D009E8CD9 /* MovieTableHandler.swift in Sources */,
				02F64A3F1BF73834009E8CD9 /* MovieCollectionViewController.swift in Sources */,
				02F64A431BF73B97009E8CD9 /* MovieListViewController.swift in Sources */,
				02F64A551BF781D6009E8CD9 /* TheaterApi.swift in Sources */,
				02F64A591BF783A9009E8CD9 /* DvdsApi.swift in Sources */,
			);
			runOnlyForDeploymentPostprocessing = 0;
		};
/* End PBXSourcesBuildPhase section */

/* Begin PBXVariantGroup section */
		029434B71BF0CC6F00E1371C /* Main.storyboard */ = {
			isa = PBXVariantGroup;
			children = (
				029434B81BF0CC6F00E1371C /* Base */,
			);
			name = Main.storyboard;
			sourceTree = "<group>";
		};
		029434BC1BF0CC6F00E1371C /* LaunchScreen.storyboard */ = {
			isa = PBXVariantGroup;
			children = (
				029434BD1BF0CC6F00E1371C /* Base */,
			);
			name = LaunchScreen.storyboard;
			sourceTree = "<group>";
		};
/* End PBXVariantGroup section */

/* Begin XCBuildConfiguration section */
		029434C01BF0CC6F00E1371C /* Debug */ = {
			isa = XCBuildConfiguration;
			buildSettings = {
				ALWAYS_SEARCH_USER_PATHS = NO;
				CLANG_CXX_LANGUAGE_STANDARD = "gnu++0x";
				CLANG_CXX_LIBRARY = "libc++";
				CLANG_ENABLE_MODULES = YES;
				CLANG_ENABLE_OBJC_ARC = YES;
				CLANG_WARN_BOOL_CONVERSION = YES;
				CLANG_WARN_CONSTANT_CONVERSION = YES;
				CLANG_WARN_DIRECT_OBJC_ISA_USAGE = YES_ERROR;
				CLANG_WARN_EMPTY_BODY = YES;
				CLANG_WARN_ENUM_CONVERSION = YES;
				CLANG_WARN_INT_CONVERSION = YES;
				CLANG_WARN_OBJC_ROOT_CLASS = YES_ERROR;
				CLANG_WARN_UNREACHABLE_CODE = YES;
				CLANG_WARN__DUPLICATE_METHOD_MATCH = YES;
				"CODE_SIGN_IDENTITY[sdk=iphoneos*]" = "iPhone Developer";
				COPY_PHASE_STRIP = NO;
				DEBUG_INFORMATION_FORMAT = dwarf;
				ENABLE_STRICT_OBJC_MSGSEND = YES;
				ENABLE_TESTABILITY = YES;
				GCC_C_LANGUAGE_STANDARD = gnu99;
				GCC_DYNAMIC_NO_PIC = NO;
				GCC_NO_COMMON_BLOCKS = YES;
				GCC_OPTIMIZATION_LEVEL = 0;
				GCC_PREPROCESSOR_DEFINITIONS = (
					"DEBUG=1",
					"$(inherited)",
				);
				GCC_WARN_64_TO_32_BIT_CONVERSION = YES;
				GCC_WARN_ABOUT_RETURN_TYPE = YES_ERROR;
				GCC_WARN_UNDECLARED_SELECTOR = YES;
				GCC_WARN_UNINITIALIZED_AUTOS = YES_AGGRESSIVE;
				GCC_WARN_UNUSED_FUNCTION = YES;
				GCC_WARN_UNUSED_VARIABLE = YES;
				IPHONEOS_DEPLOYMENT_TARGET = 9.1;
				MTL_ENABLE_DEBUG_INFO = YES;
				ONLY_ACTIVE_ARCH = YES;
				SDKROOT = iphoneos;
				SWIFT_OPTIMIZATION_LEVEL = "-Onone";
			};
			name = Debug;
		};
		029434C11BF0CC6F00E1371C /* Release */ = {
			isa = XCBuildConfiguration;
			buildSettings = {
				ALWAYS_SEARCH_USER_PATHS = NO;
				CLANG_CXX_LANGUAGE_STANDARD = "gnu++0x";
				CLANG_CXX_LIBRARY = "libc++";
				CLANG_ENABLE_MODULES = YES;
				CLANG_ENABLE_OBJC_ARC = YES;
				CLANG_WARN_BOOL_CONVERSION = YES;
				CLANG_WARN_CONSTANT_CONVERSION = YES;
				CLANG_WARN_DIRECT_OBJC_ISA_USAGE = YES_ERROR;
				CLANG_WARN_EMPTY_BODY = YES;
				CLANG_WARN_ENUM_CONVERSION = YES;
				CLANG_WARN_INT_CONVERSION = YES;
				CLANG_WARN_OBJC_ROOT_CLASS = YES_ERROR;
				CLANG_WARN_UNREACHABLE_CODE = YES;
				CLANG_WARN__DUPLICATE_METHOD_MATCH = YES;
				"CODE_SIGN_IDENTITY[sdk=iphoneos*]" = "iPhone Developer";
				COPY_PHASE_STRIP = NO;
				DEBUG_INFORMATION_FORMAT = "dwarf-with-dsym";
				ENABLE_NS_ASSERTIONS = NO;
				ENABLE_STRICT_OBJC_MSGSEND = YES;
				GCC_C_LANGUAGE_STANDARD = gnu99;
				GCC_NO_COMMON_BLOCKS = YES;
				GCC_WARN_64_TO_32_BIT_CONVERSION = YES;
				GCC_WARN_ABOUT_RETURN_TYPE = YES_ERROR;
				GCC_WARN_UNDECLARED_SELECTOR = YES;
				GCC_WARN_UNINITIALIZED_AUTOS = YES_AGGRESSIVE;
				GCC_WARN_UNUSED_FUNCTION = YES;
				GCC_WARN_UNUSED_VARIABLE = YES;
				IPHONEOS_DEPLOYMENT_TARGET = 9.1;
				MTL_ENABLE_DEBUG_INFO = NO;
				SDKROOT = iphoneos;
				VALIDATE_PRODUCT = YES;
			};
			name = Release;
		};
		029434C31BF0CC6F00E1371C /* Debug */ = {
			isa = XCBuildConfiguration;
			baseConfigurationReference = B1FE8E7E0AEC9F1A616BAA44 /* Pods-MovieReview.debug.xcconfig */;
			buildSettings = {
				ASSETCATALOG_COMPILER_APPICON_NAME = AppIcon;
				INFOPLIST_FILE = MovieReview/Info.plist;
				LD_RUNPATH_SEARCH_PATHS = "$(inherited) @executable_path/Frameworks";
				PRODUCT_BUNDLE_IDENTIFIER = com.dqt.MovieReview;
				PRODUCT_NAME = "$(TARGET_NAME)";
			};
			name = Debug;
		};
		029434C41BF0CC6F00E1371C /* Release */ = {
			isa = XCBuildConfiguration;
			baseConfigurationReference = E0D6E131FB9C43A534A54FC8 /* Pods-MovieReview.release.xcconfig */;
			buildSettings = {
				ASSETCATALOG_COMPILER_APPICON_NAME = AppIcon;
				INFOPLIST_FILE = MovieReview/Info.plist;
				LD_RUNPATH_SEARCH_PATHS = "$(inherited) @executable_path/Frameworks";
				PRODUCT_BUNDLE_IDENTIFIER = com.dqt.MovieReview;
				PRODUCT_NAME = "$(TARGET_NAME)";
			};
			name = Release;
		};
/* End XCBuildConfiguration section */

/* Begin XCConfigurationList section */
		029434AB1BF0CC6F00E1371C /* Build configuration list for PBXProject "MovieReview" */ = {
			isa = XCConfigurationList;
			buildConfigurations = (
				029434C01BF0CC6F00E1371C /* Debug */,
				029434C11BF0CC6F00E1371C /* Release */,
			);
			defaultConfigurationIsVisible = 0;
			defaultConfigurationName = Release;
		};
		029434C21BF0CC6F00E1371C /* Build configuration list for PBXNativeTarget "MovieReview" */ = {
			isa = XCConfigurationList;
			buildConfigurations = (
				029434C31BF0CC6F00E1371C /* Debug */,
				029434C41BF0CC6F00E1371C /* Release */,
			);
			defaultConfigurationIsVisible = 0;
			defaultConfigurationName = Release;
		};
/* End XCConfigurationList section */
	};
	rootObject = 029434A81BF0CC6F00E1371C /* Project object */;
}
